
Microsoft Visual Studio Solution File, Format Version 12.00
# Visual Studio Version 18
VisualStudioVersion = 18.3.11218.70
MinimumVisualStudioVersion = 10.0.40219.1
Project("{2150E333-8FDC-42A3-9474-1A3956D46DE8}") = "src", "src", "{02EA681E-C7D8-13C7-8484-4AC65E1B71E8}"
EndProject
Project("{2150E333-8FDC-42A3-9474-1A3956D46DE8}") = "tests", "tests", "{C5EE40E6-B4F8-46D6-BF1B-93087B55979F}"
EndProject
Project("{FAE04EC0-301F-11D3-BF4B-00C04F79EFBC}") = "RestaurantReservation.Application", "src\RestaurantReservation.Application\RestaurantReservation.Application.csproj", "{E568CAC6-CF56-4AFD-86A5-B60859E33C07}"
EndProject
Project("{FAE04EC0-301F-11D3-BF4B-00C04F79EFBC}") = "RestaurantReservation.Identity", "src\RestaurantReservation.Identity\RestaurantReservation.Identity.csproj", "{4D4FBA74-22CD-441C-B975-068DD62970B2}"
EndProject
Project("{FAE04EC0-301F-11D3-BF4B-00C04F79EFBC}") = "RestaurantReservation.Infra", "src\RestaurantReservation.Infra\RestaurantReservation.Infra.csproj", "{DFA866C3-D03F-4134-8CC7-759573D1508B}"
EndProject
Project("{FAE04EC0-301F-11D3-BF4B-00C04F79EFBC}") = "RestaurantReservation.WebApi", "src\RestaurantReservation.WebApi\RestaurantReservation.WebApi.csproj", "{6AAA6CB3-5300-449F-B2D9-5ECDC168AF36}"
EndProject
Project("{FAE04EC0-301F-11D3-BF4B-00C04F79EFBC}") = "RestaurantReservation.Domain", "src\RestaurantReservation.Domain\RestaurantReservation.Domain.csproj", "{2D8DE96D-4E6E-47F0-9C1B-E65D42122842}"
EndProject
Project("{2150E333-8FDC-42A3-9474-1A3956D46DE8}") = "Solution Items", "Solution Items", "{6A87B334-267A-4101-8AC4-7D7395565117}"
	ProjectSection(SolutionItems) = preProject
		.env = .env
	EndProjectSection
EndProject
Project("{FAE04EC0-301F-11D3-BF4B-00C04F79EFBC}") = "RestaurantReservation.Test", "tests\RestaurantReservation.Test\RestaurantReservation.Test.csproj", "{690268D7-EFC9-4367-ABD8-085AAADE9556}"
EndProject
Global
	GlobalSection(SolutionConfigurationPlatforms) = preSolution
		Debug|Any CPU = Debug|Any CPU
		Release|Any CPU = Release|Any CPU
	EndGlobalSection
	GlobalSection(ProjectConfigurationPlatforms) = postSolution
		{E568CAC6-CF56-4AFD-86A5-B60859E33C07}.Debug|Any CPU.ActiveCfg = Debug|Any CPU
		{E568CAC6-CF56-4AFD-86A5-B60859E33C07}.Debug|Any CPU.Build.0 = Debug|Any CPU
		{E568CAC6-CF56-4AFD-86A5-B60859E33C07}.Release|Any CPU.ActiveCfg = Release|Any CPU
		{E568CAC6-CF56-4AFD-86A5-B60859E33C07}.Release|Any CPU.Build.0 = Release|Any CPU
		{4D4FBA74-22CD-441C-B975-068DD62970B2}.Debug|Any CPU.ActiveCfg = Debug|Any CPU
		{4D4FBA74-22CD-441C-B975-068DD62970B2}.Debug|Any CPU.Build.0 = Debug|Any CPU
		{4D4FBA74-22CD-441C-B975-068DD62970B2}.Release|Any CPU.ActiveCfg = Release|Any CPU
		{4D4FBA74-22CD-441C-B975-068DD62970B2}.Release|Any CPU.Build.0 = Release|Any CPU
		{DFA866C3-D03F-4134-8CC7-759573D1508B}.Debug|Any CPU.ActiveCfg = Debug|Any CPU
		{DFA866C3-D03F-4134-8CC7-759573D1508B}.Debug|Any CPU.Build.0 = Debug|Any CPU
		{DFA866C3-D03F-4134-8CC7-759573D1508B}.Release|Any CPU.ActiveCfg = Release|Any CPU
		{DFA866C3-D03F-4134-8CC7-759573D1508B}.Release|Any CPU.Build.0 = Release|Any CPU
		{6AAA6CB3-5300-449F-B2D9-5ECDC168AF36}.Debug|Any CPU.ActiveCfg = Debug|Any CPU
		{6AAA6CB3-5300-449F-B2D9-5ECDC168AF36}.Debug|Any CPU.Build.0 = Debug|Any CPU
		{6AAA6CB3-5300-449F-B2D9-5ECDC168AF36}.Release|Any CPU.ActiveCfg = Release|Any CPU
		{6AAA6CB3-5300-449F-B2D9-5ECDC168AF36}.Release|Any CPU.Build.0 = Release|Any CPU
		{2D8DE96D-4E6E-47F0-9C1B-E65D42122842}.Debug|Any CPU.ActiveCfg = Debug|Any CPU
		{2D8DE96D-4E6E-47F0-9C1B-E65D42122842}.Debug|Any CPU.Build.0 = Debug|Any CPU
		{2D8DE96D-4E6E-47F0-9C1B-E65D42122842}.Release|Any CPU.ActiveCfg = Release|Any CPU
		{2D8DE96D-4E6E-47F0-9C1B-E65D42122842}.Release|Any CPU.Build.0 = Release|Any CPU
		{690268D7-EFC9-4367-ABD8-085AAADE9556}.Debug|Any CPU.ActiveCfg = Debug|Any CPU
		{690268D7-EFC9-4367-ABD8-085AAADE9556}.Debug|Any CPU.Build.0 = Debug|Any CPU
		{690268D7-EFC9-4367-ABD8-085AAADE9556}.Release|Any CPU.ActiveCfg = Release|Any CPU
		{690268D7-EFC9-4367-ABD8-085AAADE9556}.Release|Any CPU.Build.0 = Release|Any CPU
	EndGlobalSection
	GlobalSection(SolutionProperties) = preSolution
		HideSolutionNode = FALSE
	EndGlobalSection
	GlobalSection(NestedProjects) = preSolution
		{E568CAC6-CF56-4AFD-86A5-B60859E33C07} = {02EA681E-C7D8-13C7-8484-4AC65E1B71E8}
		{4D4FBA74-22CD-441C-B975-068DD62970B2} = {02EA681E-C7D8-13C7-8484-4AC65E1B71E8}
		{DFA866C3-D03F-4134-8CC7-759573D1508B} = {02EA681E-C7D8-13C7-8484-4AC65E1B71E8}
		{6AAA6CB3-5300-449F-B2D9-5ECDC168AF36} = {02EA681E-C7D8-13C7-8484-4AC65E1B71E8}
		{2D8DE96D-4E6E-47F0-9C1B-E65D42122842} = {02EA681E-C7D8-13C7-8484-4AC65E1B71E8}
		{690268D7-EFC9-4367-ABD8-085AAADE9556} = {C5EE40E6-B4F8-46D6-BF1B-93087B55979F}
	EndGlobalSection
	GlobalSection(ExtensibilityGlobals) = postSolution
		SolutionGuid = {F7985E82-A5A3-4312-8F6E-DA864871DCAF}
	EndGlobalSection
EndGlobal
